
Microsoft Visual Studio Solution File, Format Version 12.00
# Visual Studio Version 17
VisualStudioVersion = 17.1.32414.318
MinimumVisualStudioVersion = 10.0.40219.1
Project("{FAE04EC0-301F-11D3-BF4B-00C04F79EFBC}") = "MailKutusu", "MailKutusu.csproj", "{411EA868-23F9-4426-9E94-14C27F31054F}"
EndProject
Global
	GlobalSection(SolutionConfigurationPlatforms) = preSolution
		Debug|Any CPU = Debug|Any CPU
		Release|Any CPU = Release|Any CPU
	EndGlobalSection
	GlobalSection(ProjectConfigurationPlatforms) = postSolution
		{411EA868-23F9-4426-9E94-14C27F31054F}.Debug|Any CPU.ActiveCfg = Debug|Any CPU
		{411EA868-23F9-4426-9E94-14C27F31054F}.Debug|Any CPU.Build.0 = Debug|Any CPU
		{411EA868-23F9-4426-9E94-14C27F31054F}.Release|Any CPU.ActiveCfg = Release|Any CPU
		{411EA868-23F9-4426-9E94-14C27F31054F}.Release|Any CPU.Build.0 = Release|Any CPU
	EndGlobalSection
	GlobalSection(SolutionProperties) = preSolution
		HideSolutionNode = FALSE
	EndGlobalSection
	GlobalSection(ExtensibilityGlobals) = postSolution
		SolutionGuid = {968B6620-1879-4BD5-8BC1-F29AF9C945B9}
	EndGlobalSection
EndGlobal
